// !$*UTF8*$!
{
	archiveVersion = 1;
	classes = {
	};
	objectVersion = 51;
	objects = {

/* Begin PBXBuildFile section */
		2173B530FD54E91268C8708E /* Pods_IOS_Browser.framework in Frameworks */ = {isa = PBXBuildFile; fileRef = 92D5DBD04EFD26D87D145E17 /* Pods_IOS_Browser.framework */; };
		BB374DAF2501001000EFF06B /* SearchEnginePickerVC.swift in Sources */ = {isa = PBXBuildFile; fileRef = BB374DAE2501001000EFF06B /* SearchEnginePickerVC.swift */; };
		BB374DB12501041C00EFF06B /* SearchEngineListTblCell.swift in Sources */ = {isa = PBXBuildFile; fileRef = BB374DB02501041C00EFF06B /* SearchEngineListTblCell.swift */; };
		BB374DB42501051C00EFF06B /* SearchEngine.swift in Sources */ = {isa = PBXBuildFile; fileRef = BB374DB32501051C00EFF06B /* SearchEngine.swift */; };
		BB374DB625010AF300EFF06B /* SearchEngineManager.swift in Sources */ = {isa = PBXBuildFile; fileRef = BB374DB525010AF300EFF06B /* SearchEngineManager.swift */; };
		BB374DB9250124CF00EFF06B /* WebKit.framework in Frameworks */ = {isa = PBXBuildFile; fileRef = BB374DB8250124CE00EFF06B /* WebKit.framework */; };
		BB447D0C25061ED700D63432 /* ViewExtesnion.swift in Sources */ = {isa = PBXBuildFile; fileRef = BB447D0B25061ED700D63432 /* ViewExtesnion.swift */; };
		BB6BEE32250659EF004B2B90 /* ThemeColor.swift in Sources */ = {isa = PBXBuildFile; fileRef = BB6BEE31250659EE004B2B90 /* ThemeColor.swift */; };
		BB7624F02500E38E00F61FA3 /* AppDelegate.swift in Sources */ = {isa = PBXBuildFile; fileRef = BB7624EF2500E38E00F61FA3 /* AppDelegate.swift */; };
		BB7624F42500E38E00F61FA3 /* HomeVC.swift in Sources */ = {isa = PBXBuildFile; fileRef = BB7624F32500E38E00F61FA3 /* HomeVC.swift */; };
		BB7624F72500E38E00F61FA3 /* Main.storyboard in Resources */ = {isa = PBXBuildFile; fileRef = BB7624F52500E38E00F61FA3 /* Main.storyboard */; };
		BB7624F92500E39500F61FA3 /* Assets.xcassets in Resources */ = {isa = PBXBuildFile; fileRef = BB7624F82500E39500F61FA3 /* Assets.xcassets */; };
		BB7624FC2500E39500F61FA3 /* LaunchScreen.storyboard in Resources */ = {isa = PBXBuildFile; fileRef = BB7624FA2500E39500F61FA3 /* LaunchScreen.storyboard */; };
		BB76250B2500EC1A00F61FA3 /* MyTheme.swift in Sources */ = {isa = PBXBuildFile; fileRef = BB76250A2500EC1A00F61FA3 /* MyTheme.swift */; };
		BB7AA0212503854000C2F00C /* WebVC.swift in Sources */ = {isa = PBXBuildFile; fileRef = BB7AA0202503854000C2F00C /* WebVC.swift */; };
		BB7AA02325038F9D00C2F00C /* TabCollectionCell.swift in Sources */ = {isa = PBXBuildFile; fileRef = BB7AA02225038F9D00C2F00C /* TabCollectionCell.swift */; };
		BBF4D1A525065042004EB462 /* SettingsVC.swift in Sources */ = {isa = PBXBuildFile; fileRef = BBF4D1A425065042004EB462 /* SettingsVC.swift */; };
/* End PBXBuildFile section */

/* Begin PBXFileReference section */
		6BCA4A7A0072D715E0B94493 /* Pods-IOS Browser.release.xcconfig */ = {isa = PBXFileReference; includeInIndex = 1; lastKnownFileType = text.xcconfig; name = "Pods-IOS Browser.release.xcconfig"; path = "Target Support Files/Pods-IOS Browser/Pods-IOS Browser.release.xcconfig"; sourceTree = "<group>"; };
		92D5DBD04EFD26D87D145E17 /* Pods_IOS_Browser.framework */ = {isa = PBXFileReference; explicitFileType = wrapper.framework; includeInIndex = 0; path = Pods_IOS_Browser.framework; sourceTree = BUILT_PRODUCTS_DIR; };
		BB374DAE2501001000EFF06B /* SearchEnginePickerVC.swift */ = {isa = PBXFileReference; lastKnownFileType = sourcecode.swift; path = SearchEnginePickerVC.swift; sourceTree = "<group>"; };
		BB374DB02501041C00EFF06B /* SearchEngineListTblCell.swift */ = {isa = PBXFileReference; lastKnownFileType = sourcecode.swift; path = SearchEngineListTblCell.swift; sourceTree = "<group>"; };
		BB374DB32501051C00EFF06B /* SearchEngine.swift */ = {isa = PBXFileReference; lastKnownFileType = sourcecode.swift; path = SearchEngine.swift; sourceTree = "<group>"; };
		BB374DB525010AF300EFF06B /* SearchEngineManager.swift */ = {isa = PBXFileReference; lastKnownFileType = sourcecode.swift; path = SearchEngineManager.swift; sourceTree = "<group>"; };
		BB374DB8250124CE00EFF06B /* WebKit.framework */ = {isa = PBXFileReference; lastKnownFileType = wrapper.framework; name = WebKit.framework; path = System/Library/Frameworks/WebKit.framework; sourceTree = SDKROOT; };
		BB447D0B25061ED700D63432 /* ViewExtesnion.swift */ = {isa = PBXFileReference; lastKnownFileType = sourcecode.swift; path = ViewExtesnion.swift; sourceTree = "<group>"; };
		BB6BEE31250659EE004B2B90 /* ThemeColor.swift */ = {isa = PBXFileReference; lastKnownFileType = sourcecode.swift; path = ThemeColor.swift; sourceTree = "<group>"; };
		BB7624EC2500E38E00F61FA3 /* IOS Browser.app */ = {isa = PBXFileReference; explicitFileType = wrapper.application; includeInIndex = 0; path = "IOS Browser.app"; sourceTree = BUILT_PRODUCTS_DIR; };
		BB7624EF2500E38E00F61FA3 /* AppDelegate.swift */ = {isa = PBXFileReference; lastKnownFileType = sourcecode.swift; path = AppDelegate.swift; sourceTree = "<group>"; };
		BB7624F32500E38E00F61FA3 /* HomeVC.swift */ = {isa = PBXFileReference; lastKnownFileType = sourcecode.swift; path = HomeVC.swift; sourceTree = "<group>"; };
		BB7624F62500E38E00F61FA3 /* Base */ = {isa = PBXFileReference; lastKnownFileType = file.storyboard; name = Base; path = Base.lproj/Main.storyboard; sourceTree = "<group>"; };
		BB7624F82500E39500F61FA3 /* Assets.xcassets */ = {isa = PBXFileReference; lastKnownFileType = folder.assetcatalog; path = Assets.xcassets; sourceTree = "<group>"; };
		BB7624FB2500E39500F61FA3 /* Base */ = {isa = PBXFileReference; lastKnownFileType = file.storyboard; name = Base; path = Base.lproj/LaunchScreen.storyboard; sourceTree = "<group>"; };
		BB7624FD2500E39500F61FA3 /* Info.plist */ = {isa = PBXFileReference; lastKnownFileType = text.plist.xml; path = Info.plist; sourceTree = "<group>"; };
		BB76250A2500EC1A00F61FA3 /* MyTheme.swift */ = {isa = PBXFileReference; lastKnownFileType = sourcecode.swift; path = MyTheme.swift; sourceTree = "<group>"; };
		BB7AA0202503854000C2F00C /* WebVC.swift */ = {isa = PBXFileReference; lastKnownFileType = sourcecode.swift; path = WebVC.swift; sourceTree = "<group>"; };
		BB7AA02225038F9D00C2F00C /* TabCollectionCell.swift */ = {isa = PBXFileReference; lastKnownFileType = sourcecode.swift; path = TabCollectionCell.swift; sourceTree = "<group>"; };
		BBF4D1A425065042004EB462 /* SettingsVC.swift */ = {isa = PBXFileReference; lastKnownFileType = sourcecode.swift; path = SettingsVC.swift; sourceTree = "<group>"; };
		FC4A662E042CC93CC2A0ADCE /* Pods-IOS Browser.debug.xcconfig */ = {isa = PBXFileReference; includeInIndex = 1; lastKnownFileType = text.xcconfig; name = "Pods-IOS Browser.debug.xcconfig"; path = "Target Support Files/Pods-IOS Browser/Pods-IOS Browser.debug.xcconfig"; sourceTree = "<group>"; };
/* End PBXFileReference section */

/* Begin PBXFrameworksBuildPhase section */
		BB7624E92500E38E00F61FA3 /* Frameworks */ = {
			isa = PBXFrameworksBuildPhase;
			buildActionMask = 2147483647;
			files = (
				BB374DB9250124CF00EFF06B /* WebKit.framework in Frameworks */,
				2173B530FD54E91268C8708E /* Pods_IOS_Browser.framework in Frameworks */,
			);
			runOnlyForDeploymentPostprocessing = 0;
		};
/* End PBXFrameworksBuildPhase section */

/* Begin PBXGroup section */
		0B37A8EE53F4679C5A31C51E /* Frameworks */ = {
			isa = PBXGroup;
			children = (
				BB374DB8250124CE00EFF06B /* WebKit.framework */,
				92D5DBD04EFD26D87D145E17 /* Pods_IOS_Browser.framework */,
			);
			name = Frameworks;
			sourceTree = "<group>";
		};
		BB374DB22501050600EFF06B /* Model */ = {
			isa = PBXGroup;
			children = (
				BB374DB32501051C00EFF06B /* SearchEngine.swift */,
			);
			path = Model;
			sourceTree = "<group>";
		};
		BB374DB72501242000EFF06B /* Helper */ = {
			isa = PBXGroup;
			children = (
				BB76250A2500EC1A00F61FA3 /* MyTheme.swift */,
				BB6BEE31250659EE004B2B90 /* ThemeColor.swift */,
				BB374DB525010AF300EFF06B /* SearchEngineManager.swift */,
			);
			path = Helper;
			sourceTree = "<group>";
		};
		BB7624E32500E38E00F61FA3 = {
			isa = PBXGroup;
			children = (
				BB7624EE2500E38E00F61FA3 /* IOS Browser */,
				BB7624ED2500E38E00F61FA3 /* Products */,
				FEB4276DBE47B7868C59D746 /* Pods */,
				0B37A8EE53F4679C5A31C51E /* Frameworks */,
			);
			sourceTree = "<group>";
		};
		BB7624ED2500E38E00F61FA3 /* Products */ = {
			isa = PBXGroup;
			children = (
				BB7624EC2500E38E00F61FA3 /* IOS Browser.app */,
			);
			name = Products;
			sourceTree = "<group>";
		};
		BB7624EE2500E38E00F61FA3 /* IOS Browser */ = {
			isa = PBXGroup;
			children = (
				BB374DB72501242000EFF06B /* Helper */,
				BB374DB22501050600EFF06B /* Model */,
				BB7625032500E45800F61FA3 /* View */,
				BB7625092500E7AC00F61FA3 /* Class */,
				BB7624EF2500E38E00F61FA3 /* AppDelegate.swift */,
				BB7624F82500E39500F61FA3 /* Assets.xcassets */,
				BB7624FA2500E39500F61FA3 /* LaunchScreen.storyboard */,
				BB7624FD2500E39500F61FA3 /* Info.plist */,
			);
			path = "IOS Browser";
			sourceTree = "<group>";
		};
		BB7625032500E45800F61FA3 /* View */ = {
			isa = PBXGroup;
			children = (
				BB7624F52500E38E00F61FA3 /* Main.storyboard */,
			);
			path = View;
			sourceTree = "<group>";
		};
		BB7625092500E7AC00F61FA3 /* Class */ = {
			isa = PBXGroup;
			children = (
				BB76250E2500ECB500F61FA3 /* View */,
				BB76250C2500EC8C00F61FA3 /* ViewControllers */,
			);
			path = Class;
			sourceTree = "<group>";
		};
		BB76250C2500EC8C00F61FA3 /* ViewControllers */ = {
			isa = PBXGroup;
			children = (
				BB7624F32500E38E00F61FA3 /* HomeVC.swift */,
				BB374DAE2501001000EFF06B /* SearchEnginePickerVC.swift */,
				BB7AA0202503854000C2F00C /* WebVC.swift */,
				BBF4D1A425065042004EB462 /* SettingsVC.swift */,
			);
			path = ViewControllers;
			sourceTree = "<group>";
		};
		BB76250E2500ECB500F61FA3 /* View */ = {
			isa = PBXGroup;
			children = (
				BB374DB02501041C00EFF06B /* SearchEngineListTblCell.swift */,
				BB7AA02225038F9D00C2F00C /* TabCollectionCell.swift */,
				BB447D0B25061ED700D63432 /* ViewExtesnion.swift */,
			);
			path = View;
			sourceTree = "<group>";
		};
		FEB4276DBE47B7868C59D746 /* Pods */ = {
			isa = PBXGroup;
			children = (
				FC4A662E042CC93CC2A0ADCE /* Pods-IOS Browser.debug.xcconfig */,
				6BCA4A7A0072D715E0B94493 /* Pods-IOS Browser.release.xcconfig */,
			);
			path = Pods;
			sourceTree = "<group>";
		};
/* End PBXGroup section */

/* Begin PBXNativeTarget section */
		BB7624EB2500E38E00F61FA3 /* IOS Browser */ = {
			isa = PBXNativeTarget;
			buildConfigurationList = BB7625002500E39500F61FA3 /* Build configuration list for PBXNativeTarget "IOS Browser" */;
			buildPhases = (
				45E9E81B00EF283C4901EDE4 /* [CP] Check Pods Manifest.lock */,
				BB7624E82500E38E00F61FA3 /* Sources */,
				BB7624E92500E38E00F61FA3 /* Frameworks */,
				BB7624EA2500E38E00F61FA3 /* Resources */,
				94EE45D2C92FECAB20AA94A5 /* [CP] Embed Pods Frameworks */,
			);
			buildRules = (
			);
			dependencies = (
			);
			name = "IOS Browser";
			productName = "IOS Browser";
			productReference = BB7624EC2500E38E00F61FA3 /* IOS Browser.app */;
			productType = "com.apple.product-type.application";
		};
/* End PBXNativeTarget section */

/* Begin PBXProject section */
		BB7624E42500E38E00F61FA3 /* Project object */ = {
			isa = PBXProject;
			attributes = {
				LastSwiftUpdateCheck = 1150;
				LastUpgradeCheck = 1150;
				ORGANIZATIONNAME = zindal;
				TargetAttributes = {
					BB7624EB2500E38E00F61FA3 = {
						CreatedOnToolsVersion = 11.5;
					};
				};
			};
			buildConfigurationList = BB7624E72500E38E00F61FA3 /* Build configuration list for PBXProject "IOS Browser" */;
			compatibilityVersion = "Xcode 9.3";
			developmentRegion = en;
			hasScannedForEncodings = 0;
			knownRegions = (
				en,
				Base,
			);
			mainGroup = BB7624E32500E38E00F61FA3;
			productRefGroup = BB7624ED2500E38E00F61FA3 /* Products */;
			projectDirPath = "";
			projectRoot = "";
			targets = (
				BB7624EB2500E38E00F61FA3 /* IOS Browser */,
			);
		};
/* End PBXProject section */

/* Begin PBXResourcesBuildPhase section */
		BB7624EA2500E38E00F61FA3 /* Resources */ = {
			isa = PBXResourcesBuildPhase;
			buildActionMask = 2147483647;
			files = (
				BB7624FC2500E39500F61FA3 /* LaunchScreen.storyboard in Resources */,
				BB7624F92500E39500F61FA3 /* Assets.xcassets in Resources */,
				BB7624F72500E38E00F61FA3 /* Main.storyboard in Resources */,
			);
			runOnlyForDeploymentPostprocessing = 0;
		};
/* End PBXResourcesBuildPhase section */

/* Begin PBXShellScriptBuildPhase section */
		45E9E81B00EF283C4901EDE4 /* [CP] Check Pods Manifest.lock */ = {
			isa = PBXShellScriptBuildPhase;
			buildActionMask = 2147483647;
			files = (
			);
			inputFileListPaths = (
			);
			inputPaths = (
				"${PODS_PODFILE_DIR_PATH}/Podfile.lock",
				"${PODS_ROOT}/Manifest.lock",
			);
			name = "[CP] Check Pods Manifest.lock";
			outputFileListPaths = (
			);
			outputPaths = (
				"$(DERIVED_FILE_DIR)/Pods-IOS Browser-checkManifestLockResult.txt",
			);
			runOnlyForDeploymentPostprocessing = 0;
			shellPath = /bin/sh;
			shellScript = "diff \"${PODS_PODFILE_DIR_PATH}/Podfile.lock\" \"${PODS_ROOT}/Manifest.lock\" > /dev/null\nif [ $? != 0 ] ; then\n    # print error to STDERR\n    echo \"error: The sandbox is not in sync with the Podfile.lock. Run 'pod install' or update your CocoaPods installation.\" >&2\n    exit 1\nfi\n# This output is used by Xcode 'outputs' to avoid re-running this script phase.\necho \"SUCCESS\" > \"${SCRIPT_OUTPUT_FILE_0}\"\n";
			showEnvVarsInLog = 0;
		};
		94EE45D2C92FECAB20AA94A5 /* [CP] Embed Pods Frameworks */ = {
			isa = PBXShellScriptBuildPhase;
			buildActionMask = 2147483647;
			files = (
			);
			inputFileListPaths = (
				"${PODS_ROOT}/Target Support Files/Pods-IOS Browser/Pods-IOS Browser-frameworks-${CONFIGURATION}-input-files.xcfilelist",
			);
			name = "[CP] Embed Pods Frameworks";
			outputFileListPaths = (
				"${PODS_ROOT}/Target Support Files/Pods-IOS Browser/Pods-IOS Browser-frameworks-${CONFIGURATION}-output-files.xcfilelist",
			);
			runOnlyForDeploymentPostprocessing = 0;
			shellPath = /bin/sh;
			shellScript = "\"${PODS_ROOT}/Target Support Files/Pods-IOS Browser/Pods-IOS Browser-frameworks.sh\"\n";
			showEnvVarsInLog = 0;
		};
/* End PBXShellScriptBuildPhase section */

/* Begin PBXSourcesBuildPhase section */
		BB7624E82500E38E00F61FA3 /* Sources */ = {
			isa = PBXSourcesBuildPhase;
			buildActionMask = 2147483647;
			files = (
				BBF4D1A525065042004EB462 /* SettingsVC.swift in Sources */,
				BB374DB12501041C00EFF06B /* SearchEngineListTblCell.swift in Sources */,
				BB7624F42500E38E00F61FA3 /* HomeVC.swift in Sources */,
				BB6BEE32250659EF004B2B90 /* ThemeColor.swift in Sources */,
				BB76250B2500EC1A00F61FA3 /* MyTheme.swift in Sources */,
				BB374DB42501051C00EFF06B /* SearchEngine.swift in Sources */,
				BB7AA02325038F9D00C2F00C /* TabCollectionCell.swift in Sources */,
				BB374DAF2501001000EFF06B /* SearchEnginePickerVC.swift in Sources */,
				BB374DB625010AF300EFF06B /* SearchEngineManager.swift in Sources */,
				BB7624F02500E38E00F61FA3 /* AppDelegate.swift in Sources */,
				BB447D0C25061ED700D63432 /* ViewExtesnion.swift in Sources */,
				BB7AA0212503854000C2F00C /* WebVC.swift in Sources */,
			);
			runOnlyForDeploymentPostprocessing = 0;
		};
/* End PBXSourcesBuildPhase section */

/* Begin PBXVariantGroup section */
		BB7624F52500E38E00F61FA3 /* Main.storyboard */ = {
			isa = PBXVariantGroup;
			children = (
				BB7624F62500E38E00F61FA3 /* Base */,
			);
			name = Main.storyboard;
			sourceTree = "<group>";
		};
		BB7624FA2500E39500F61FA3 /* LaunchScreen.storyboard */ = {
			isa = PBXVariantGroup;
			children = (
				BB7624FB2500E39500F61FA3 /* Base */,
			);
			name = LaunchScreen.storyboard;
			sourceTree = "<group>";
		};
/* End PBXVariantGroup section */

/* Begin XCBuildConfiguration section */
		BB7624FE2500E39500F61FA3 /* Debug */ = {
			isa = XCBuildConfiguration;
			buildSettings = {
				ALWAYS_SEARCH_USER_PATHS = NO;
				CLANG_ANALYZER_NONNULL = YES;
				CLANG_ANALYZER_NUMBER_OBJECT_CONVERSION = YES_AGGRESSIVE;
				CLANG_CXX_LANGUAGE_STANDARD = "gnu++14";
				CLANG_CXX_LIBRARY = "libc++";
				CLANG_ENABLE_MODULES = YES;
				CLANG_ENABLE_OBJC_ARC = YES;
				CLANG_ENABLE_OBJC_WEAK = YES;
				CLANG_WARN_BLOCK_CAPTURE_AUTORELEASING = YES;
				CLANG_WARN_BOOL_CONVERSION = YES;
				CLANG_WARN_COMMA = YES;
				CLANG_WARN_CONSTANT_CONVERSION = YES;
				CLANG_WARN_DEPRECATED_OBJC_IMPLEMENTATIONS = YES;
				CLANG_WARN_DIRECT_OBJC_ISA_USAGE = YES_ERROR;
				CLANG_WARN_DOCUMENTATION_COMMENTS = YES;
				CLANG_WARN_EMPTY_BODY = YES;
				CLANG_WARN_ENUM_CONVERSION = YES;
				CLANG_WARN_INFINITE_RECURSION = YES;
				CLANG_WARN_INT_CONVERSION = YES;
				CLANG_WARN_NON_LITERAL_NULL_CONVERSION = YES;
				CLANG_WARN_OBJC_IMPLICIT_RETAIN_SELF = YES;
				CLANG_WARN_OBJC_LITERAL_CONVERSION = YES;
				CLANG_WARN_OBJC_ROOT_CLASS = YES_ERROR;
				CLANG_WARN_RANGE_LOOP_ANALYSIS = YES;
				CLANG_WARN_STRICT_PROTOTYPES = YES;
				CLANG_WARN_SUSPICIOUS_MOVE = YES;
				CLANG_WARN_UNGUARDED_AVAILABILITY = YES_AGGRESSIVE;
				CLANG_WARN_UNREACHABLE_CODE = YES;
				CLANG_WARN__DUPLICATE_METHOD_MATCH = YES;
				COPY_PHASE_STRIP = NO;
				DEBUG_INFORMATION_FORMAT = dwarf;
				ENABLE_STRICT_OBJC_MSGSEND = YES;
				ENABLE_TESTABILITY = YES;
				GCC_C_LANGUAGE_STANDARD = gnu11;
				GCC_DYNAMIC_NO_PIC = NO;
				GCC_NO_COMMON_BLOCKS = YES;
				GCC_OPTIMIZATION_LEVEL = 0;
				GCC_PREPROCESSOR_DEFINITIONS = (
					"DEBUG=1",
					"$(inherited)",
				);
				GCC_WARN_64_TO_32_BIT_CONVERSION = YES;
				GCC_WARN_ABOUT_RETURN_TYPE = YES_ERROR;
				GCC_WARN_UNDECLARED_SELECTOR = YES;
				GCC_WARN_UNINITIALIZED_AUTOS = YES_AGGRESSIVE;
				GCC_WARN_UNUSED_FUNCTION = YES;
				GCC_WARN_UNUSED_VARIABLE = YES;
				IPHONEOS_DEPLOYMENT_TARGET = 12.0;
				MTL_ENABLE_DEBUG_INFO = INCLUDE_SOURCE;
				MTL_FAST_MATH = YES;
				ONLY_ACTIVE_ARCH = YES;
				SDKROOT = iphoneos;
				SWIFT_ACTIVE_COMPILATION_CONDITIONS = DEBUG;
				SWIFT_OPTIMIZATION_LEVEL = "-Onone";
			};
			name = Debug;
		};
		BB7624FF2500E39500F61FA3 /* Release */ = {
			isa = XCBuildConfiguration;
			buildSettings = {
				ALWAYS_SEARCH_USER_PATHS = NO;
				CLANG_ANALYZER_NONNULL = YES;
				CLANG_ANALYZER_NUMBER_OBJECT_CONVERSION = YES_AGGRESSIVE;
				CLANG_CXX_LANGUAGE_STANDARD = "gnu++14";
				CLANG_CXX_LIBRARY = "libc++";
				CLANG_ENABLE_MODULES = YES;
				CLANG_ENABLE_OBJC_ARC = YES;
				CLANG_ENABLE_OBJC_WEAK = YES;
				CLANG_WARN_BLOCK_CAPTURE_AUTORELEASING = YES;
				CLANG_WARN_BOOL_CONVERSION = YES;
				CLANG_WARN_COMMA = YES;
				CLANG_WARN_CONSTANT_CONVERSION = YES;
				CLANG_WARN_DEPRECATED_OBJC_IMPLEMENTATIONS = YES;
				CLANG_WARN_DIRECT_OBJC_ISA_USAGE = YES_ERROR;
				CLANG_WARN_DOCUMENTATION_COMMENTS = YES;
				CLANG_WARN_EMPTY_BODY = YES;
				CLANG_WARN_ENUM_CONVERSION = YES;
				CLANG_WARN_INFINITE_RECURSION = YES;
				CLANG_WARN_INT_CONVERSION = YES;
				CLANG_WARN_NON_LITERAL_NULL_CONVERSION = YES;
				CLANG_WARN_OBJC_IMPLICIT_RETAIN_SELF = YES;
				CLANG_WARN_OBJC_LITERAL_CONVERSION = YES;
				CLANG_WARN_OBJC_ROOT_CLASS = YES_ERROR;
				CLANG_WARN_RANGE_LOOP_ANALYSIS = YES;
				CLANG_WARN_STRICT_PROTOTYPES = YES;
				CLANG_WARN_SUSPICIOUS_MOVE = YES;
				CLANG_WARN_UNGUARDED_AVAILABILITY = YES_AGGRESSIVE;
				CLANG_WARN_UNREACHABLE_CODE = YES;
				CLANG_WARN__DUPLICATE_METHOD_MATCH = YES;
				COPY_PHASE_STRIP = NO;
				DEBUG_INFORMATION_FORMAT = "dwarf-with-dsym";
				ENABLE_NS_ASSERTIONS = NO;
				ENABLE_STRICT_OBJC_MSGSEND = YES;
				GCC_C_LANGUAGE_STANDARD = gnu11;
				GCC_NO_COMMON_BLOCKS = YES;
				GCC_WARN_64_TO_32_BIT_CONVERSION = YES;
				GCC_WARN_ABOUT_RETURN_TYPE = YES_ERROR;
				GCC_WARN_UNDECLARED_SELECTOR = YES;
				GCC_WARN_UNINITIALIZED_AUTOS = YES_AGGRESSIVE;
				GCC_WARN_UNUSED_FUNCTION = YES;
				GCC_WARN_UNUSED_VARIABLE = YES;
				IPHONEOS_DEPLOYMENT_TARGET = 12.0;
				MTL_ENABLE_DEBUG_INFO = NO;
				MTL_FAST_MATH = YES;
				SDKROOT = iphoneos;
				SWIFT_COMPILATION_MODE = wholemodule;
				SWIFT_OPTIMIZATION_LEVEL = "-O";
				VALIDATE_PRODUCT = YES;
			};
			name = Release;
		};
		BB7625012500E39500F61FA3 /* Debug */ = {
			isa = XCBuildConfiguration;
			baseConfigurationReference = FC4A662E042CC93CC2A0ADCE /* Pods-IOS Browser.debug.xcconfig */;
			buildSettings = {
				ASSETCATALOG_COMPILER_APPICON_NAME = AppIcon;
				CODE_SIGN_IDENTITY = "Apple Development";
				CODE_SIGN_STYLE = Automatic;
				DEVELOPMENT_TEAM = H6ME3HB6BA;
				INFOPLIST_FILE = "IOS Browser/Info.plist";
				IPHONEOS_DEPLOYMENT_TARGET = 12.0;
				LD_RUNPATH_SEARCH_PATHS = (
					"$(inherited)",
					"@executable_path/Frameworks",
				);
				PRODUCT_BUNDLE_IDENTIFIER = com.zindal.IOSBrowser;
				PRODUCT_NAME = "$(TARGET_NAME)";
				PROVISIONING_PROFILE_SPECIFIER = "";
				SWIFT_VERSION = 5.0;
				TARGETED_DEVICE_FAMILY = 1;
			};
			name = Debug;
		};
		BB7625022500E39500F61FA3 /* Release */ = {
			isa = XCBuildConfiguration;
			baseConfigurationReference = 6BCA4A7A0072D715E0B94493 /* Pods-IOS Browser.release.xcconfig */;
			buildSettings = {
				ASSETCATALOG_COMPILER_APPICON_NAME = AppIcon;
				CODE_SIGN_IDENTITY = "Apple Development";
				CODE_SIGN_STYLE = Automatic;
				DEVELOPMENT_TEAM = H6ME3HB6BA;
				INFOPLIST_FILE = "IOS Browser/Info.plist";
				IPHONEOS_DEPLOYMENT_TARGET = 12.0;
				LD_RUNPATH_SEARCH_PATHS = (
					"$(inherited)",
					"@executable_path/Frameworks",
				);
				PRODUCT_BUNDLE_IDENTIFIER = com.zindal.IOSBrowser;
				PRODUCT_NAME = "$(TARGET_NAME)";
				PROVISIONING_PROFILE_SPECIFIER = "";
				SWIFT_VERSION = 5.0;
				TARGETED_DEVICE_FAMILY = 1;
			};
			name = Release;
		};
/* End XCBuildConfiguration section */

/* Begin XCConfigurationList section */
		BB7624E72500E38E00F61FA3 /* Build configuration list for PBXProject "IOS Browser" */ = {
			isa = XCConfigurationList;
			buildConfigurations = (
				BB7624FE2500E39500F61FA3 /* Debug */,
				BB7624FF2500E39500F61FA3 /* Release */,
			);
			defaultConfigurationIsVisible = 0;
			defaultConfigurationName = Release;
		};
		BB7625002500E39500F61FA3 /* Build configuration list for PBXNativeTarget "IOS Browser" */ = {
			isa = XCConfigurationList;
			buildConfigurations = (
				BB7625012500E39500F61FA3 /* Debug */,
				BB7625022500E39500F61FA3 /* Release */,
			);
			defaultConfigurationIsVisible = 0;
			defaultConfigurationName = Release;
		};
/* End XCConfigurationList section */
	};
	rootObject = BB7624E42500E38E00F61FA3 /* Project object */;
}
